// !$*UTF8*$!
{
	archiveVersion = 1;
	classes = {
	};
	objectVersion = 56;
	objects = {

/* Begin PBXBuildFile section */
		841EA7862C587565009E63D0 /* AppDelegate.swift in Sources */ = {isa = PBXBuildFile; fileRef = 841EA7852C587565009E63D0 /* AppDelegate.swift */; };
		841EA7882C587565009E63D0 /* SceneDelegate.swift in Sources */ = {isa = PBXBuildFile; fileRef = 841EA7872C587565009E63D0 /* SceneDelegate.swift */; };
		841EA78A2C587565009E63D0 /* ViewController.swift in Sources */ = {isa = PBXBuildFile; fileRef = 841EA7892C587565009E63D0 /* ViewController.swift */; };
		841EA78F2C587567009E63D0 /* Assets.xcassets in Resources */ = {isa = PBXBuildFile; fileRef = 841EA78E2C587567009E63D0 /* Assets.xcassets */; };
		841EA7922C587567009E63D0 /* Base in Resources */ = {isa = PBXBuildFile; fileRef = 841EA7912C587567009E63D0 /* Base */; };
		841EA79B2C5875D5009E63D0 /* RxCocoa in Frameworks */ = {isa = PBXBuildFile; productRef = 841EA79A2C5875D5009E63D0 /* RxCocoa */; };
		841EA79D2C5875D5009E63D0 /* RxSwift in Frameworks */ = {isa = PBXBuildFile; productRef = 841EA79C2C5875D5009E63D0 /* RxSwift */; };
		841EA7A12C587AF6009E63D0 /* SnapKit in Frameworks */ = {isa = PBXBuildFile; productRef = 841EA7A02C587AF6009E63D0 /* SnapKit */; };
		841EA7A32C58AC9C009E63D0 /* BasicButtonViewController.swift in Sources */ = {isa = PBXBuildFile; fileRef = 841EA7A22C58AC9C009E63D0 /* BasicButtonViewController.swift */; };
		841EA7A52C58C071009E63D0 /* OperatorViewController.swift in Sources */ = {isa = PBXBuildFile; fileRef = 841EA7A42C58C071009E63D0 /* OperatorViewController.swift */; };
		841EA7A92C59032C009E63D0 /* RxPracticeTabBarController.swift in Sources */ = {isa = PBXBuildFile; fileRef = 841EA7A82C59032C009E63D0 /* RxPracticeTabBarController.swift */; };
		841EA7AB2C590355009E63D0 /* RxTableViewController.swift in Sources */ = {isa = PBXBuildFile; fileRef = 841EA7AA2C590355009E63D0 /* RxTableViewController.swift */; };
		841EA7AD2C590371009E63D0 /* RxValidationViewController.swift in Sources */ = {isa = PBXBuildFile; fileRef = 841EA7AC2C590371009E63D0 /* RxValidationViewController.swift */; };
		841EA7AF2C59039F009E63D0 /* RxNumbersViewController.swift in Sources */ = {isa = PBXBuildFile; fileRef = 841EA7AE2C59039F009E63D0 /* RxNumbersViewController.swift */; };
		841EA7B12C590470009E63D0 /* RxPickerViewController.swift in Sources */ = {isa = PBXBuildFile; fileRef = 841EA7B02C590470009E63D0 /* RxPickerViewController.swift */; };
		841EA7B32C59057A009E63D0 /* RxPracticeNavigationController.swift in Sources */ = {isa = PBXBuildFile; fileRef = 841EA7B22C59057A009E63D0 /* RxPracticeNavigationController.swift */; };
		841EA7B92C590835009E63D0 /* BaseViewController.swift in Sources */ = {isa = PBXBuildFile; fileRef = 841EA7B82C590835009E63D0 /* BaseViewController.swift */; };
		841EA7BB2C59108F009E63D0 /* PlaygroundViewController.swift in Sources */ = {isa = PBXBuildFile; fileRef = 841EA7BA2C59108F009E63D0 /* PlaygroundViewController.swift */; };
		841EA7BE2C591FBC009E63D0 /* Then in Frameworks */ = {isa = PBXBuildFile; productRef = 841EA7BD2C591FBC009E63D0 /* Then */; };
/* End PBXBuildFile section */

/* Begin PBXFileReference section */
		841EA7822C587565009E63D0 /* RxSwiftPractice.app */ = {isa = PBXFileReference; explicitFileType = wrapper.application; includeInIndex = 0; path = RxSwiftPractice.app; sourceTree = BUILT_PRODUCTS_DIR; };
		841EA7852C587565009E63D0 /* AppDelegate.swift */ = {isa = PBXFileReference; lastKnownFileType = sourcecode.swift; path = AppDelegate.swift; sourceTree = "<group>"; };
		841EA7872C587565009E63D0 /* SceneDelegate.swift */ = {isa = PBXFileReference; lastKnownFileType = sourcecode.swift; path = SceneDelegate.swift; sourceTree = "<group>"; };
		841EA7892C587565009E63D0 /* ViewController.swift */ = {isa = PBXFileReference; lastKnownFileType = sourcecode.swift; path = ViewController.swift; sourceTree = "<group>"; };
		841EA78E2C587567009E63D0 /* Assets.xcassets */ = {isa = PBXFileReference; lastKnownFileType = folder.assetcatalog; path = Assets.xcassets; sourceTree = "<group>"; };
		841EA7912C587567009E63D0 /* Base */ = {isa = PBXFileReference; lastKnownFileType = file.storyboard; name = Base; path = Base.lproj/LaunchScreen.storyboard; sourceTree = "<group>"; };
		841EA7932C587567009E63D0 /* Info.plist */ = {isa = PBXFileReference; lastKnownFileType = text.plist.xml; path = Info.plist; sourceTree = "<group>"; };
		841EA7A22C58AC9C009E63D0 /* BasicButtonViewController.swift */ = {isa = PBXFileReference; lastKnownFileType = sourcecode.swift; path = BasicButtonViewController.swift; sourceTree = "<group>"; };
		841EA7A42C58C071009E63D0 /* OperatorViewController.swift */ = {isa = PBXFileReference; lastKnownFileType = sourcecode.swift; path = OperatorViewController.swift; sourceTree = "<group>"; };
		841EA7A82C59032C009E63D0 /* RxPracticeTabBarController.swift */ = {isa = PBXFileReference; lastKnownFileType = sourcecode.swift; path = RxPracticeTabBarController.swift; sourceTree = "<group>"; };
		841EA7AA2C590355009E63D0 /* RxTableViewController.swift */ = {isa = PBXFileReference; lastKnownFileType = sourcecode.swift; path = RxTableViewController.swift; sourceTree = "<group>"; };
		841EA7AC2C590371009E63D0 /* RxValidationViewController.swift */ = {isa = PBXFileReference; lastKnownFileType = sourcecode.swift; path = RxValidationViewController.swift; sourceTree = "<group>"; };
		841EA7AE2C59039F009E63D0 /* RxNumbersViewController.swift */ = {isa = PBXFileReference; lastKnownFileType = sourcecode.swift; path = RxNumbersViewController.swift; sourceTree = "<group>"; };
		841EA7B02C590470009E63D0 /* RxPickerViewController.swift */ = {isa = PBXFileReference; lastKnownFileType = sourcecode.swift; path = RxPickerViewController.swift; sourceTree = "<group>"; };
		841EA7B22C59057A009E63D0 /* RxPracticeNavigationController.swift */ = {isa = PBXFileReference; lastKnownFileType = sourcecode.swift; path = RxPracticeNavigationController.swift; sourceTree = "<group>"; };
		841EA7B82C590835009E63D0 /* BaseViewController.swift */ = {isa = PBXFileReference; lastKnownFileType = sourcecode.swift; path = BaseViewController.swift; sourceTree = "<group>"; };
		841EA7BA2C59108F009E63D0 /* PlaygroundViewController.swift */ = {isa = PBXFileReference; lastKnownFileType = sourcecode.swift; path = PlaygroundViewController.swift; sourceTree = "<group>"; };
/* End PBXFileReference section */

/* Begin PBXFrameworksBuildPhase section */
		841EA77F2C587565009E63D0 /* Frameworks */ = {
			isa = PBXFrameworksBuildPhase;
			buildActionMask = 2147483647;
			files = (
				841EA7A12C587AF6009E63D0 /* SnapKit in Frameworks */,
				841EA79D2C5875D5009E63D0 /* RxSwift in Frameworks */,
				841EA79B2C5875D5009E63D0 /* RxCocoa in Frameworks */,
				841EA7BE2C591FBC009E63D0 /* Then in Frameworks */,
			);
			runOnlyForDeploymentPostprocessing = 0;
		};
/* End PBXFrameworksBuildPhase section */

/* Begin PBXGroup section */
		841EA7792C587565009E63D0 = {
			isa = PBXGroup;
			children = (
				841EA7842C587565009E63D0 /* RxSwiftPractice */,
				841EA7832C587565009E63D0 /* Products */,
			);
			sourceTree = "<group>";
		};
		841EA7832C587565009E63D0 /* Products */ = {
			isa = PBXGroup;
			children = (
				841EA7822C587565009E63D0 /* RxSwiftPractice.app */,
			);
			name = Products;
			sourceTree = "<group>";
		};
		841EA7842C587565009E63D0 /* RxSwiftPractice */ = {
			isa = PBXGroup;
			children = (
				841EA7852C587565009E63D0 /* AppDelegate.swift */,
				841EA7872C587565009E63D0 /* SceneDelegate.swift */,
				841EA7A72C590201009E63D0 /* Examples */,
				841EA7A62C5901FC009E63D0 /* Practice */,
				841EA78E2C587567009E63D0 /* Assets.xcassets */,
				841EA7902C587567009E63D0 /* LaunchScreen.storyboard */,
				841EA7932C587567009E63D0 /* Info.plist */,
			);
			path = RxSwiftPractice;
			sourceTree = "<group>";
		};
		841EA7A62C5901FC009E63D0 /* Practice */ = {
			isa = PBXGroup;
			children = (
				841EA7B52C5907E0009E63D0 /* BaseView */,
				841EA7B42C590612009E63D0 /* containerVC */,
				841EA7BA2C59108F009E63D0 /* PlaygroundViewController.swift */,
				841EA7AA2C590355009E63D0 /* RxTableViewController.swift */,
				841EA7AC2C590371009E63D0 /* RxValidationViewController.swift */,
				841EA7AE2C59039F009E63D0 /* RxNumbersViewController.swift */,
				841EA7B02C590470009E63D0 /* RxPickerViewController.swift */,
			);
			path = Practice;
			sourceTree = "<group>";
		};
		841EA7A72C590201009E63D0 /* Examples */ = {
			isa = PBXGroup;
			children = (
				841EA7892C587565009E63D0 /* ViewController.swift */,
				841EA7A22C58AC9C009E63D0 /* BasicButtonViewController.swift */,
				841EA7A42C58C071009E63D0 /* OperatorViewController.swift */,
			);
			path = Examples;
			sourceTree = "<group>";
		};
		841EA7B42C590612009E63D0 /* containerVC */ = {
			isa = PBXGroup;
			children = (
				841EA7B22C59057A009E63D0 /* RxPracticeNavigationController.swift */,
				841EA7A82C59032C009E63D0 /* RxPracticeTabBarController.swift */,
			);
			path = containerVC;
			sourceTree = "<group>";
		};
		841EA7B52C5907E0009E63D0 /* BaseView */ = {
			isa = PBXGroup;
			children = (
				841EA7B82C590835009E63D0 /* BaseViewController.swift */,
			);
			path = BaseView;
			sourceTree = "<group>";
		};
/* End PBXGroup section */

/* Begin PBXNativeTarget section */
		841EA7812C587565009E63D0 /* RxSwiftPractice */ = {
			isa = PBXNativeTarget;
			buildConfigurationList = 841EA7962C587567009E63D0 /* Build configuration list for PBXNativeTarget "RxSwiftPractice" */;
			buildPhases = (
				841EA77E2C587565009E63D0 /* Sources */,
				841EA77F2C587565009E63D0 /* Frameworks */,
				841EA7802C587565009E63D0 /* Resources */,
			);
			buildRules = (
			);
			dependencies = (
			);
			name = RxSwiftPractice;
			packageProductDependencies = (
				841EA79A2C5875D5009E63D0 /* RxCocoa */,
				841EA79C2C5875D5009E63D0 /* RxSwift */,
				841EA7A02C587AF6009E63D0 /* SnapKit */,
				841EA7BD2C591FBC009E63D0 /* Then */,
			);
			productName = RxSwiftPractice;
			productReference = 841EA7822C587565009E63D0 /* RxSwiftPractice.app */;
			productType = "com.apple.product-type.application";
		};
/* End PBXNativeTarget section */

/* Begin PBXProject section */
		841EA77A2C587565009E63D0 /* Project object */ = {
			isa = PBXProject;
			attributes = {
				BuildIndependentTargetsInParallel = 1;
				LastSwiftUpdateCheck = 1540;
				LastUpgradeCheck = 1540;
				TargetAttributes = {
					841EA7812C587565009E63D0 = {
						CreatedOnToolsVersion = 15.4;
					};
				};
			};
			buildConfigurationList = 841EA77D2C587565009E63D0 /* Build configuration list for PBXProject "RxSwiftPractice" */;
			compatibilityVersion = "Xcode 14.0";
			developmentRegion = en;
			hasScannedForEncodings = 0;
			knownRegions = (
				en,
				Base,
			);
			mainGroup = 841EA7792C587565009E63D0;
			packageReferences = (
				841EA7992C5875D5009E63D0 /* XCRemoteSwiftPackageReference "RxSwift" */,
				841EA79F2C587AF6009E63D0 /* XCRemoteSwiftPackageReference "SnapKit" */,
				841EA7BC2C591FBC009E63D0 /* XCRemoteSwiftPackageReference "Then" */,
			);
			productRefGroup = 841EA7832C587565009E63D0 /* Products */;
			projectDirPath = "";
			projectRoot = "";
			targets = (
				841EA7812C587565009E63D0 /* RxSwiftPractice */,
			);
		};
/* End PBXProject section */

/* Begin PBXResourcesBuildPhase section */
		841EA7802C587565009E63D0 /* Resources */ = {
			isa = PBXResourcesBuildPhase;
			buildActionMask = 2147483647;
			files = (
				841EA78F2C587567009E63D0 /* Assets.xcassets in Resources */,
				841EA7922C587567009E63D0 /* Base in Resources */,
			);
			runOnlyForDeploymentPostprocessing = 0;
		};
/* End PBXResourcesBuildPhase section */

/* Begin PBXSourcesBuildPhase section */
		841EA77E2C587565009E63D0 /* Sources */ = {
			isa = PBXSourcesBuildPhase;
			buildActionMask = 2147483647;
			files = (
				841EA7B92C590835009E63D0 /* BaseViewController.swift in Sources */,
				841EA7BB2C59108F009E63D0 /* PlaygroundViewController.swift in Sources */,
				841EA7A52C58C071009E63D0 /* OperatorViewController.swift in Sources */,
				841EA78A2C587565009E63D0 /* ViewController.swift in Sources */,
				841EA7A92C59032C009E63D0 /* RxPracticeTabBarController.swift in Sources */,
				841EA7B32C59057A009E63D0 /* RxPracticeNavigationController.swift in Sources */,
				841EA7862C587565009E63D0 /* AppDelegate.swift in Sources */,
				841EA7882C587565009E63D0 /* SceneDelegate.swift in Sources */,
				841EA7B12C590470009E63D0 /* RxPickerViewController.swift in Sources */,
				841EA7A32C58AC9C009E63D0 /* BasicButtonViewController.swift in Sources */,
				841EA7AD2C590371009E63D0 /* RxValidationViewController.swift in Sources */,
				841EA7AF2C59039F009E63D0 /* RxNumbersViewController.swift in Sources */,
				841EA7AB2C590355009E63D0 /* RxTableViewController.swift in Sources */,
			);
			runOnlyForDeploymentPostprocessing = 0;
		};
/* End PBXSourcesBuildPhase section */

/* Begin PBXVariantGroup section */
		841EA7902C587567009E63D0 /* LaunchScreen.storyboard */ = {
			isa = PBXVariantGroup;
			children = (
				841EA7912C587567009E63D0 /* Base */,
			);
			name = LaunchScreen.storyboard;
			sourceTree = "<group>";
		};
/* End PBXVariantGroup section */

/* Begin XCBuildConfiguration section */
		841EA7942C587567009E63D0 /* Debug */ = {
			isa = XCBuildConfiguration;
			buildSettings = {
				ALWAYS_SEARCH_USER_PATHS = NO;
				ASSETCATALOG_COMPILER_GENERATE_SWIFT_ASSET_SYMBOL_EXTENSIONS = YES;
				CLANG_ANALYZER_NONNULL = YES;
				CLANG_ANALYZER_NUMBER_OBJECT_CONVERSION = YES_AGGRESSIVE;
				CLANG_CXX_LANGUAGE_STANDARD = "gnu++20";
				CLANG_ENABLE_MODULES = YES;
				CLANG_ENABLE_OBJC_ARC = YES;
				CLANG_ENABLE_OBJC_WEAK = YES;
				CLANG_WARN_BLOCK_CAPTURE_AUTORELEASING = YES;
				CLANG_WARN_BOOL_CONVERSION = YES;
				CLANG_WARN_COMMA = YES;
				CLANG_WARN_CONSTANT_CONVERSION = YES;
				CLANG_WARN_DEPRECATED_OBJC_IMPLEMENTATIONS = YES;
				CLANG_WARN_DIRECT_OBJC_ISA_USAGE = YES_ERROR;
				CLANG_WARN_DOCUMENTATION_COMMENTS = YES;
				CLANG_WARN_EMPTY_BODY = YES;
				CLANG_WARN_ENUM_CONVERSION = YES;
				CLANG_WARN_INFINITE_RECURSION = YES;
				CLANG_WARN_INT_CONVERSION = YES;
				CLANG_WARN_NON_LITERAL_NULL_CONVERSION = YES;
				CLANG_WARN_OBJC_IMPLICIT_RETAIN_SELF = YES;
				CLANG_WARN_OBJC_LITERAL_CONVERSION = YES;
				CLANG_WARN_OBJC_ROOT_CLASS = YES_ERROR;
				CLANG_WARN_QUOTED_INCLUDE_IN_FRAMEWORK_HEADER = YES;
				CLANG_WARN_RANGE_LOOP_ANALYSIS = YES;
				CLANG_WARN_STRICT_PROTOTYPES = YES;
				CLANG_WARN_SUSPICIOUS_MOVE = YES;
				CLANG_WARN_UNGUARDED_AVAILABILITY = YES_AGGRESSIVE;
				CLANG_WARN_UNREACHABLE_CODE = YES;
				CLANG_WARN__DUPLICATE_METHOD_MATCH = YES;
				COPY_PHASE_STRIP = NO;
				DEBUG_INFORMATION_FORMAT = dwarf;
				ENABLE_STRICT_OBJC_MSGSEND = YES;
				ENABLE_TESTABILITY = YES;
				ENABLE_USER_SCRIPT_SANDBOXING = YES;
				GCC_C_LANGUAGE_STANDARD = gnu17;
				GCC_DYNAMIC_NO_PIC = NO;
				GCC_NO_COMMON_BLOCKS = YES;
				GCC_OPTIMIZATION_LEVEL = 0;
				GCC_PREPROCESSOR_DEFINITIONS = (
					"DEBUG=1",
					"$(inherited)",
				);
				GCC_WARN_64_TO_32_BIT_CONVERSION = YES;
				GCC_WARN_ABOUT_RETURN_TYPE = YES_ERROR;
				GCC_WARN_UNDECLARED_SELECTOR = YES;
				GCC_WARN_UNINITIALIZED_AUTOS = YES_AGGRESSIVE;
				GCC_WARN_UNUSED_FUNCTION = YES;
				GCC_WARN_UNUSED_VARIABLE = YES;
				IPHONEOS_DEPLOYMENT_TARGET = 16.0;
				LOCALIZATION_PREFERS_STRING_CATALOGS = YES;
				MTL_ENABLE_DEBUG_INFO = INCLUDE_SOURCE;
				MTL_FAST_MATH = YES;
				ONLY_ACTIVE_ARCH = YES;
				SDKROOT = iphoneos;
				SWIFT_ACTIVE_COMPILATION_CONDITIONS = "DEBUG $(inherited)";
				SWIFT_OPTIMIZATION_LEVEL = "-Onone";
			};
			name = Debug;
		};
		841EA7952C587567009E63D0 /* Release */ = {
			isa = XCBuildConfiguration;
			buildSettings = {
				ALWAYS_SEARCH_USER_PATHS = NO;
				ASSETCATALOG_COMPILER_GENERATE_SWIFT_ASSET_SYMBOL_EXTENSIONS = YES;
				CLANG_ANALYZER_NONNULL = YES;
				CLANG_ANALYZER_NUMBER_OBJECT_CONVERSION = YES_AGGRESSIVE;
				CLANG_CXX_LANGUAGE_STANDARD = "gnu++20";
				CLANG_ENABLE_MODULES = YES;
				CLANG_ENABLE_OBJC_ARC = YES;
				CLANG_ENABLE_OBJC_WEAK = YES;
				CLANG_WARN_BLOCK_CAPTURE_AUTORELEASING = YES;
				CLANG_WARN_BOOL_CONVERSION = YES;
				CLANG_WARN_COMMA = YES;
				CLANG_WARN_CONSTANT_CONVERSION = YES;
				CLANG_WARN_DEPRECATED_OBJC_IMPLEMENTATIONS = YES;
				CLANG_WARN_DIRECT_OBJC_ISA_USAGE = YES_ERROR;
				CLANG_WARN_DOCUMENTATION_COMMENTS = YES;
				CLANG_WARN_EMPTY_BODY = YES;
				CLANG_WARN_ENUM_CONVERSION = YES;
				CLANG_WARN_INFINITE_RECURSION = YES;
				CLANG_WARN_INT_CONVERSION = YES;
				CLANG_WARN_NON_LITERAL_NULL_CONVERSION = YES;
				CLANG_WARN_OBJC_IMPLICIT_RETAIN_SELF = YES;
				CLANG_WARN_OBJC_LITERAL_CONVERSION = YES;
				CLANG_WARN_OBJC_ROOT_CLASS = YES_ERROR;
				CLANG_WARN_QUOTED_INCLUDE_IN_FRAMEWORK_HEADER = YES;
				CLANG_WARN_RANGE_LOOP_ANALYSIS = YES;
				CLANG_WARN_STRICT_PROTOTYPES = YES;
				CLANG_WARN_SUSPICIOUS_MOVE = YES;
				CLANG_WARN_UNGUARDED_AVAILABILITY = YES_AGGRESSIVE;
				CLANG_WARN_UNREACHABLE_CODE = YES;
				CLANG_WARN__DUPLICATE_METHOD_MATCH = YES;
				COPY_PHASE_STRIP = NO;
				DEBUG_INFORMATION_FORMAT = "dwarf-with-dsym";
				ENABLE_NS_ASSERTIONS = NO;
				ENABLE_STRICT_OBJC_MSGSEND = YES;
				ENABLE_USER_SCRIPT_SANDBOXING = YES;
				GCC_C_LANGUAGE_STANDARD = gnu17;
				GCC_NO_COMMON_BLOCKS = YES;
				GCC_WARN_64_TO_32_BIT_CONVERSION = YES;
				GCC_WARN_ABOUT_RETURN_TYPE = YES_ERROR;
				GCC_WARN_UNDECLARED_SELECTOR = YES;
				GCC_WARN_UNINITIALIZED_AUTOS = YES_AGGRESSIVE;
				GCC_WARN_UNUSED_FUNCTION = YES;
				GCC_WARN_UNUSED_VARIABLE = YES;
				IPHONEOS_DEPLOYMENT_TARGET = 16.0;
				LOCALIZATION_PREFERS_STRING_CATALOGS = YES;
				MTL_ENABLE_DEBUG_INFO = NO;
				MTL_FAST_MATH = YES;
				SDKROOT = iphoneos;
				SWIFT_COMPILATION_MODE = wholemodule;
				VALIDATE_PRODUCT = YES;
			};
			name = Release;
		};
		841EA7972C587567009E63D0 /* Debug */ = {
			isa = XCBuildConfiguration;
			buildSettings = {
				ASSETCATALOG_COMPILER_APPICON_NAME = AppIcon;
				ASSETCATALOG_COMPILER_GLOBAL_ACCENT_COLOR_NAME = AccentColor;
				CODE_SIGN_STYLE = Automatic;
				CURRENT_PROJECT_VERSION = 1;
				DEVELOPMENT_TEAM = DB9LFYULKZ;
				GENERATE_INFOPLIST_FILE = YES;
				INFOPLIST_FILE = RxSwiftPractice/Info.plist;
				INFOPLIST_KEY_UIApplicationSupportsIndirectInputEvents = YES;
				INFOPLIST_KEY_UILaunchStoryboardName = LaunchScreen;
				INFOPLIST_KEY_UISupportedInterfaceOrientations = UIInterfaceOrientationPortrait;
				INFOPLIST_KEY_UISupportedInterfaceOrientations_iPad = "UIInterfaceOrientationLandscapeLeft UIInterfaceOrientationLandscapeRight UIInterfaceOrientationPortrait UIInterfaceOrientationPortraitUpsideDown";
				IPHONEOS_DEPLOYMENT_TARGET = 16.0;
				LD_RUNPATH_SEARCH_PATHS = (
					"$(inherited)",
					"@executable_path/Frameworks",
				);
				MARKETING_VERSION = 1.0;
				PRODUCT_BUNDLE_IDENTIFIER = yoruck2.RxSwiftPractice;
				PRODUCT_NAME = "$(TARGET_NAME)";
				SUPPORTED_PLATFORMS = "iphoneos iphonesimulator";
				SUPPORTS_MACCATALYST = NO;
				SUPPORTS_MAC_DESIGNED_FOR_IPHONE_IPAD = NO;
				SUPPORTS_XR_DESIGNED_FOR_IPHONE_IPAD = NO;
				SWIFT_EMIT_LOC_STRINGS = YES;
				SWIFT_VERSION = 5.0;
				TARGETED_DEVICE_FAMILY = 1;
			};
			name = Debug;
		};
		841EA7982C587567009E63D0 /* Release */ = {
			isa = XCBuildConfiguration;
			buildSettings = {
				ASSETCATALOG_COMPILER_APPICON_NAME = AppIcon;
				ASSETCATALOG_COMPILER_GLOBAL_ACCENT_COLOR_NAME = AccentColor;
				CODE_SIGN_STYLE = Automatic;
				CURRENT_PROJECT_VERSION = 1;
				DEVELOPMENT_TEAM = DB9LFYULKZ;
				GENERATE_INFOPLIST_FILE = YES;
				INFOPLIST_FILE = RxSwiftPractice/Info.plist;
				INFOPLIST_KEY_UIApplicationSupportsIndirectInputEvents = YES;
				INFOPLIST_KEY_UILaunchStoryboardName = LaunchScreen;
				INFOPLIST_KEY_UISupportedInterfaceOrientations = UIInterfaceOrientationPortrait;
				INFOPLIST_KEY_UISupportedInterfaceOrientations_iPad = "UIInterfaceOrientationLandscapeLeft UIInterfaceOrientationLandscapeRight UIInterfaceOrientationPortrait UIInterfaceOrientationPortraitUpsideDown";
				IPHONEOS_DEPLOYMENT_TARGET = 16.0;
				LD_RUNPATH_SEARCH_PATHS = (
					"$(inherited)",
					"@executable_path/Frameworks",
				);
				MARKETING_VERSION = 1.0;
				PRODUCT_BUNDLE_IDENTIFIER = yoruck2.RxSwiftPractice;
				PRODUCT_NAME = "$(TARGET_NAME)";
				SUPPORTED_PLATFORMS = "iphoneos iphonesimulator";
				SUPPORTS_MACCATALYST = NO;
				SUPPORTS_MAC_DESIGNED_FOR_IPHONE_IPAD = NO;
				SUPPORTS_XR_DESIGNED_FOR_IPHONE_IPAD = NO;
				SWIFT_EMIT_LOC_STRINGS = YES;
				SWIFT_VERSION = 5.0;
				TARGETED_DEVICE_FAMILY = 1;
			};
			name = Release;
		};
/* End XCBuildConfiguration section */

/* Begin XCConfigurationList section */
		841EA77D2C587565009E63D0 /* Build configuration list for PBXProject "RxSwiftPractice" */ = {
			isa = XCConfigurationList;
			buildConfigurations = (
				841EA7942C587567009E63D0 /* Debug */,
				841EA7952C587567009E63D0 /* Release */,
			);
			defaultConfigurationIsVisible = 0;
			defaultConfigurationName = Release;
		};
		841EA7962C587567009E63D0 /* Build configuration list for PBXNativeTarget "RxSwiftPractice" */ = {
			isa = XCConfigurationList;
			buildConfigurations = (
				841EA7972C587567009E63D0 /* Debug */,
				841EA7982C587567009E63D0 /* Release */,
			);
			defaultConfigurationIsVisible = 0;
			defaultConfigurationName = Release;
		};
/* End XCConfigurationList section */

/* Begin XCRemoteSwiftPackageReference section */
		841EA7992C5875D5009E63D0 /* XCRemoteSwiftPackageReference "RxSwift" */ = {
			isa = XCRemoteSwiftPackageReference;
			repositoryURL = "https://github.com/ReactiveX/RxSwift";
			requirement = {
				kind = upToNextMajorVersion;
				minimumVersion = 6.7.1;
			};
		};
		841EA79F2C587AF6009E63D0 /* XCRemoteSwiftPackageReference "SnapKit" */ = {
			isa = XCRemoteSwiftPackageReference;
			repositoryURL = "https://github.com/SnapKit/SnapKit";
			requirement = {
				kind = upToNextMajorVersion;
				minimumVersion = 5.7.1;
			};
		};
		841EA7BC2C591FBC009E63D0 /* XCRemoteSwiftPackageReference "Then" */ = {
			isa = XCRemoteSwiftPackageReference;
			repositoryURL = "https://github.com/devxoul/Then";
			requirement = {
				kind = upToNextMajorVersion;
				minimumVersion = 3.0.0;
			};
		};
/* End XCRemoteSwiftPackageReference section */

/* Begin XCSwiftPackageProductDependency section */
		841EA79A2C5875D5009E63D0 /* RxCocoa */ = {
			isa = XCSwiftPackageProductDependency;
			package = 841EA7992C5875D5009E63D0 /* XCRemoteSwiftPackageReference "RxSwift" */;
			productName = RxCocoa;
		};
		841EA79C2C5875D5009E63D0 /* RxSwift */ = {
			isa = XCSwiftPackageProductDependency;
			package = 841EA7992C5875D5009E63D0 /* XCRemoteSwiftPackageReference "RxSwift" */;
			productName = RxSwift;
		};
		841EA7A02C587AF6009E63D0 /* SnapKit */ = {
			isa = XCSwiftPackageProductDependency;
			package = 841EA79F2C587AF6009E63D0 /* XCRemoteSwiftPackageReference "SnapKit" */;
			productName = SnapKit;
		};
		841EA7BD2C591FBC009E63D0 /* Then */ = {
			isa = XCSwiftPackageProductDependency;
			package = 841EA7BC2C591FBC009E63D0 /* XCRemoteSwiftPackageReference "Then" */;
			productName = Then;
		};
/* End XCSwiftPackageProductDependency section */
	};
	rootObject = 841EA77A2C587565009E63D0 /* Project object */;
}
